
Microsoft Visual Studio Solution File, Format Version 12.00
# Visual Studio 15
VisualStudioVersion = 15.0.27130.2024
MinimumVisualStudioVersion = 10.0.40219.1
Project("{FAE04EC0-301F-11D3-BF4B-00C04F79EFBC}") = "UITest_ListviewScroll.Android", "UITest_ListviewScroll\UITest_ListviewScroll.Android\UITest_ListviewScroll.Android.csproj", "{17B18E59-9219-4F99-BEA2-B6A1BE7CF1A3}"
EndProject
Project("{FAE04EC0-301F-11D3-BF4B-00C04F79EFBC}") = "UITest_ListviewScroll.iOS", "UITest_ListviewScroll\UITest_ListviewScroll.iOS\UITest_ListviewScroll.iOS.csproj", "{6B61CA76-90AE-4060-91C2-D250FBF023A8}"
EndProject
Project("{FAE04EC0-301F-11D3-BF4B-00C04F79EFBC}") = "UITest_ListviewScroll.UWP", "UITest_ListviewScroll\UITest_ListviewScroll.UWP\UITest_ListviewScroll.UWP.csproj", "{E0B5BCC4-9D84-49C4-A593-E033D630E296}"
EndProject
Project("{FAE04EC0-301F-11D3-BF4B-00C04F79EFBC}") = "UITest_ListviewScroll", "UITest_ListviewScroll\UITest_ListviewScroll\UITest_ListviewScroll.csproj", "{3F5DFA38-8870-42D6-B496-C848ECD8D4A8}"
EndProject
Project("{FAE04EC0-301F-11D3-BF4B-00C04F79EFBC}") = "UITest", "UITest\UITest.csproj", "{58FCBC1D-5486-4C77-996E-D43CB9433066}"
EndProject
Global
	GlobalSection(SolutionConfigurationPlatforms) = preSolution
		Ad-Hoc|Any CPU = Ad-Hoc|Any CPU
		Ad-Hoc|ARM = Ad-Hoc|ARM
		Ad-Hoc|iPhone = Ad-Hoc|iPhone
		Ad-Hoc|iPhoneSimulator = Ad-Hoc|iPhoneSimulator
		Ad-Hoc|x64 = Ad-Hoc|x64
		Ad-Hoc|x86 = Ad-Hoc|x86
		AppStore|Any CPU = AppStore|Any CPU
		AppStore|ARM = AppStore|ARM
		AppStore|iPhone = AppStore|iPhone
		AppStore|iPhoneSimulator = AppStore|iPhoneSimulator
		AppStore|x64 = AppStore|x64
		AppStore|x86 = AppStore|x86
		Debug|Any CPU = Debug|Any CPU
		Debug|ARM = Debug|ARM
		Debug|iPhone = Debug|iPhone
		Debug|iPhoneSimulator = Debug|iPhoneSimulator
		Debug|x64 = Debug|x64
		Debug|x86 = Debug|x86
		Release|Any CPU = Release|Any CPU
		Release|ARM = Release|ARM
		Release|iPhone = Release|iPhone
		Release|iPhoneSimulator = Release|iPhoneSimulator
		Release|x64 = Release|x64
		Release|x86 = Release|x86
	EndGlobalSection
	GlobalSection(ProjectConfigurationPlatforms) = postSolution
		{17B18E59-9219-4F99-BEA2-B6A1BE7CF1A3}.Ad-Hoc|Any CPU.ActiveCfg = Release|Any CPU
		{17B18E59-9219-4F99-BEA2-B6A1BE7CF1A3}.Ad-Hoc|Any CPU.Build.0 = Release|Any CPU
		{17B18E59-9219-4F99-BEA2-B6A1BE7CF1A3}.Ad-Hoc|Any CPU.Deploy.0 = Release|Any CPU
		{17B18E59-9219-4F99-BEA2-B6A1BE7CF1A3}.Ad-Hoc|ARM.ActiveCfg = Release|Any CPU
		{17B18E59-9219-4F99-BEA2-B6A1BE7CF1A3}.Ad-Hoc|ARM.Build.0 = Release|Any CPU
		{17B18E59-9219-4F99-BEA2-B6A1BE7CF1A3}.Ad-Hoc|ARM.Deploy.0 = Release|Any CPU
		{17B18E59-9219-4F99-BEA2-B6A1BE7CF1A3}.Ad-Hoc|iPhone.ActiveCfg = Release|Any CPU
		{17B18E59-9219-4F99-BEA2-B6A1BE7CF1A3}.Ad-Hoc|iPhone.Build.0 = Release|Any CPU
		{17B18E59-9219-4F99-BEA2-B6A1BE7CF1A3}.Ad-Hoc|iPhone.Deploy.0 = Release|Any CPU
		{17B18E59-9219-4F99-BEA2-B6A1BE7CF1A3}.Ad-Hoc|iPhoneSimulator.ActiveCfg = Release|Any CPU
		{17B18E59-9219-4F99-BEA2-B6A1BE7CF1A3}.Ad-Hoc|iPhoneSimulator.Build.0 = Release|Any CPU
		{17B18E59-9219-4F99-BEA2-B6A1BE7CF1A3}.Ad-Hoc|iPhoneSimulator.Deploy.0 = Release|Any CPU
		{17B18E59-9219-4F99-BEA2-B6A1BE7CF1A3}.Ad-Hoc|x64.ActiveCfg = Release|Any CPU
		{17B18E59-9219-4F99-BEA2-B6A1BE7CF1A3}.Ad-Hoc|x64.Build.0 = Release|Any CPU
		{17B18E59-9219-4F99-BEA2-B6A1BE7CF1A3}.Ad-Hoc|x64.Deploy.0 = Release|Any CPU
		{17B18E59-9219-4F99-BEA2-B6A1BE7CF1A3}.Ad-Hoc|x86.ActiveCfg = Release|Any CPU
		{17B18E59-9219-4F99-BEA2-B6A1BE7CF1A3}.Ad-Hoc|x86.Build.0 = Release|Any CPU
		{17B18E59-9219-4F99-BEA2-B6A1BE7CF1A3}.Ad-Hoc|x86.Deploy.0 = Release|Any CPU
		{17B18E59-9219-4F99-BEA2-B6A1BE7CF1A3}.AppStore|Any CPU.ActiveCfg = Release|Any CPU
		{17B18E59-9219-4F99-BEA2-B6A1BE7CF1A3}.AppStore|Any CPU.Build.0 = Release|Any CPU
		{17B18E59-9219-4F99-BEA2-B6A1BE7CF1A3}.AppStore|Any CPU.Deploy.0 = Release|Any CPU
		{17B18E59-9219-4F99-BEA2-B6A1BE7CF1A3}.AppStore|ARM.ActiveCfg = Release|Any CPU
		{17B18E59-9219-4F99-BEA2-B6A1BE7CF1A3}.AppStore|ARM.Build.0 = Release|Any CPU
		{17B18E59-9219-4F99-BEA2-B6A1BE7CF1A3}.AppStore|ARM.Deploy.0 = Release|Any CPU
		{17B18E59-9219-4F99-BEA2-B6A1BE7CF1A3}.AppStore|iPhone.ActiveCfg = Release|Any CPU
		{17B18E59-9219-4F99-BEA2-B6A1BE7CF1A3}.AppStore|iPhone.Build.0 = Release|Any CPU
		{17B18E59-9219-4F99-BEA2-B6A1BE7CF1A3}.AppStore|iPhone.Deploy.0 = Release|Any CPU
		{17B18E59-9219-4F99-BEA2-B6A1BE7CF1A3}.AppStore|iPhoneSimulator.ActiveCfg = Release|Any CPU
		{17B18E59-9219-4F99-BEA2-B6A1BE7CF1A3}.AppStore|iPhoneSimulator.Build.0 = Release|Any CPU
		{17B18E59-9219-4F99-BEA2-B6A1BE7CF1A3}.AppStore|iPhoneSimulator.Deploy.0 = Release|Any CPU
		{17B18E59-9219-4F99-BEA2-B6A1BE7CF1A3}.AppStore|x64.ActiveCfg = Release|Any CPU
		{17B18E59-9219-4F99-BEA2-B6A1BE7CF1A3}.AppStore|x64.Build.0 = Release|Any CPU
		{17B18E59-9219-4F99-BEA2-B6A1BE7CF1A3}.AppStore|x64.Deploy.0 = Release|Any CPU
		{17B18E59-9219-4F99-BEA2-B6A1BE7CF1A3}.AppStore|x86.ActiveCfg = Release|Any CPU
		{17B18E59-9219-4F99-BEA2-B6A1BE7CF1A3}.AppStore|x86.Build.0 = Release|Any CPU
		{17B18E59-9219-4F99-BEA2-B6A1BE7CF1A3}.AppStore|x86.Deploy.0 = Release|Any CPU
		{17B18E59-9219-4F99-BEA2-B6A1BE7CF1A3}.Debug|Any CPU.ActiveCfg = Debug|Any CPU
		{17B18E59-9219-4F99-BEA2-B6A1BE7CF1A3}.Debug|Any CPU.Build.0 = Debug|Any CPU
		{17B18E59-9219-4F99-BEA2-B6A1BE7CF1A3}.Debug|Any CPU.Deploy.0 = Debug|Any CPU
		{17B18E59-9219-4F99-BEA2-B6A1BE7CF1A3}.Debug|ARM.ActiveCfg = Debug|Any CPU
		{17B18E59-9219-4F99-BEA2-B6A1BE7CF1A3}.Debug|ARM.Build.0 = Debug|Any CPU
		{17B18E59-9219-4F99-BEA2-B6A1BE7CF1A3}.Debug|ARM.Deploy.0 = Debug|Any CPU
		{17B18E59-9219-4F99-BEA2-B6A1BE7CF1A3}.Debug|iPhone.ActiveCfg = Debug|Any CPU
		{17B18E59-9219-4F99-BEA2-B6A1BE7CF1A3}.Debug|iPhone.Build.0 = Debug|Any CPU
		{17B18E59-9219-4F99-BEA2-B6A1BE7CF1A3}.Debug|iPhone.Deploy.0 = Debug|Any CPU
		{17B18E59-9219-4F99-BEA2-B6A1BE7CF1A3}.Debug|iPhoneSimulator.ActiveCfg = Debug|Any CPU
		{17B18E59-9219-4F99-BEA2-B6A1BE7CF1A3}.Debug|iPhoneSimulator.Build.0 = Debug|Any CPU
		{17B18E59-9219-4F99-BEA2-B6A1BE7CF1A3}.Debug|iPhoneSimulator.Deploy.0 = Debug|Any CPU
		{17B18E59-9219-4F99-BEA2-B6A1BE7CF1A3}.Debug|x64.ActiveCfg = Debug|Any CPU
		{17B18E59-9219-4F99-BEA2-B6A1BE7CF1A3}.Debug|x64.Build.0 = Debug|Any CPU
		{17B18E59-9219-4F99-BEA2-B6A1BE7CF1A3}.Debug|x64.Deploy.0 = Debug|Any CPU
		{17B18E59-9219-4F99-BEA2-B6A1BE7CF1A3}.Debug|x86.ActiveCfg = Debug|Any CPU
		{17B18E59-9219-4F99-BEA2-B6A1BE7CF1A3}.Debug|x86.Build.0 = Debug|Any CPU
		{17B18E59-9219-4F99-BEA2-B6A1BE7CF1A3}.Debug|x86.Deploy.0 = Debug|Any CPU
		{17B18E59-9219-4F99-BEA2-B6A1BE7CF1A3}.Release|Any CPU.ActiveCfg = Release|Any CPU
		{17B18E59-9219-4F99-BEA2-B6A1BE7CF1A3}.Release|Any CPU.Build.0 = Release|Any CPU
		{17B18E59-9219-4F99-BEA2-B6A1BE7CF1A3}.Release|Any CPU.Deploy.0 = Release|Any CPU
		{17B18E59-9219-4F99-BEA2-B6A1BE7CF1A3}.Release|ARM.ActiveCfg = Release|Any CPU
		{17B18E59-9219-4F99-BEA2-B6A1BE7CF1A3}.Release|ARM.Build.0 = Release|Any CPU
		{17B18E59-9219-4F99-BEA2-B6A1BE7CF1A3}.Release|ARM.Deploy.0 = Release|Any CPU
		{17B18E59-9219-4F99-BEA2-B6A1BE7CF1A3}.Release|iPhone.ActiveCfg = Release|Any CPU
		{17B18E59-9219-4F99-BEA2-B6A1BE7CF1A3}.Release|iPhone.Build.0 = Release|Any CPU
		{17B18E59-9219-4F99-BEA2-B6A1BE7CF1A3}.Release|iPhone.Deploy.0 = Release|Any CPU
		{17B18E59-9219-4F99-BEA2-B6A1BE7CF1A3}.Release|iPhoneSimulator.ActiveCfg = Release|Any CPU
		{17B18E59-9219-4F99-BEA2-B6A1BE7CF1A3}.Release|iPhoneSimulator.Build.0 = Release|Any CPU
		{17B18E59-9219-4F99-BEA2-B6A1BE7CF1A3}.Release|iPhoneSimulator.Deploy.0 = Release|Any CPU
		{17B18E59-9219-4F99-BEA2-B6A1BE7CF1A3}.Release|x64.ActiveCfg = Release|Any CPU
		{17B18E59-9219-4F99-BEA2-B6A1BE7CF1A3}.Release|x64.Build.0 = Release|Any CPU
		{17B18E59-9219-4F99-BEA2-B6A1BE7CF1A3}.Release|x64.Deploy.0 = Release|Any CPU
		{17B18E59-9219-4F99-BEA2-B6A1BE7CF1A3}.Release|x86.ActiveCfg = Release|Any CPU
		{17B18E59-9219-4F99-BEA2-B6A1BE7CF1A3}.Release|x86.Build.0 = Release|Any CPU
		{17B18E59-9219-4F99-BEA2-B6A1BE7CF1A3}.Release|x86.Deploy.0 = Release|Any CPU
		{6B61CA76-90AE-4060-91C2-D250FBF023A8}.Ad-Hoc|Any CPU.ActiveCfg = Ad-Hoc|iPhone
		{6B61CA76-90AE-4060-91C2-D250FBF023A8}.Ad-Hoc|ARM.ActiveCfg = Ad-Hoc|iPhone
		{6B61CA76-90AE-4060-91C2-D250FBF023A8}.Ad-Hoc|iPhone.ActiveCfg = Ad-Hoc|iPhone
		{6B61CA76-90AE-4060-91C2-D250FBF023A8}.Ad-Hoc|iPhone.Build.0 = Ad-Hoc|iPhone
		{6B61CA76-90AE-4060-91C2-D250FBF023A8}.Ad-Hoc|iPhoneSimulator.ActiveCfg = Ad-Hoc|iPhoneSimulator
		{6B61CA76-90AE-4060-91C2-D250FBF023A8}.Ad-Hoc|iPhoneSimulator.Build.0 = Ad-Hoc|iPhoneSimulator
		{6B61CA76-90AE-4060-91C2-D250FBF023A8}.Ad-Hoc|x64.ActiveCfg = Ad-Hoc|iPhone
		{6B61CA76-90AE-4060-91C2-D250FBF023A8}.Ad-Hoc|x86.ActiveCfg = Ad-Hoc|iPhone
		{6B61CA76-90AE-4060-91C2-D250FBF023A8}.AppStore|Any CPU.ActiveCfg = AppStore|iPhone
		{6B61CA76-90AE-4060-91C2-D250FBF023A8}.AppStore|ARM.ActiveCfg = AppStore|iPhone
		{6B61CA76-90AE-4060-91C2-D250FBF023A8}.AppStore|iPhone.ActiveCfg = AppStore|iPhone
		{6B61CA76-90AE-4060-91C2-D250FBF023A8}.AppStore|iPhone.Build.0 = AppStore|iPhone
		{6B61CA76-90AE-4060-91C2-D250FBF023A8}.AppStore|iPhoneSimulator.ActiveCfg = AppStore|iPhoneSimulator
		{6B61CA76-90AE-4060-91C2-D250FBF023A8}.AppStore|iPhoneSimulator.Build.0 = AppStore|iPhoneSimulator
		{6B61CA76-90AE-4060-91C2-D250FBF023A8}.AppStore|x64.ActiveCfg = AppStore|iPhone
		{6B61CA76-90AE-4060-91C2-D250FBF023A8}.AppStore|x86.ActiveCfg = AppStore|iPhone
		{6B61CA76-90AE-4060-91C2-D250FBF023A8}.Debug|Any CPU.ActiveCfg = Debug|iPhone
		{6B61CA76-90AE-4060-91C2-D250FBF023A8}.Debug|ARM.ActiveCfg = Debug|iPhone
		{6B61CA76-90AE-4060-91C2-D250FBF023A8}.Debug|iPhone.ActiveCfg = Debug|iPhone
		{6B61CA76-90AE-4060-91C2-D250FBF023A8}.Debug|iPhone.Build.0 = Debug|iPhone
		{6B61CA76-90AE-4060-91C2-D250FBF023A8}.Debug|iPhoneSimulator.ActiveCfg = Debug|iPhoneSimulator
		{6B61CA76-90AE-4060-91C2-D250FBF023A8}.Debug|iPhoneSimulator.Build.0 = Debug|iPhoneSimulator
		{6B61CA76-90AE-4060-91C2-D250FBF023A8}.Debug|x64.ActiveCfg = Debug|iPhone
		{6B61CA76-90AE-4060-91C2-D250FBF023A8}.Debug|x86.ActiveCfg = Debug|iPhone
		{6B61CA76-90AE-4060-91C2-D250FBF023A8}.Release|Any CPU.ActiveCfg = Release|iPhone
		{6B61CA76-90AE-4060-91C2-D250FBF023A8}.Release|ARM.ActiveCfg = Release|iPhone
		{6B61CA76-90AE-4060-91C2-D250FBF023A8}.Release|iPhone.ActiveCfg = Release|iPhone
		{6B61CA76-90AE-4060-91C2-D250FBF023A8}.Release|iPhone.Build.0 = Release|iPhone
		{6B61CA76-90AE-4060-91C2-D250FBF023A8}.Release|iPhoneSimulator.ActiveCfg = Release|iPhoneSimulator
		{6B61CA76-90AE-4060-91C2-D250FBF023A8}.Release|iPhoneSimulator.Build.0 = Release|iPhoneSimulator
		{6B61CA76-90AE-4060-91C2-D250FBF023A8}.Release|x64.ActiveCfg = Release|iPhone
		{6B61CA76-90AE-4060-91C2-D250FBF023A8}.Release|x86.ActiveCfg = Release|iPhone
		{E0B5BCC4-9D84-49C4-A593-E033D630E296}.Ad-Hoc|Any CPU.ActiveCfg = Release|x86
		{E0B5BCC4-9D84-49C4-A593-E033D630E296}.Ad-Hoc|Any CPU.Build.0 = Release|x86
		{E0B5BCC4-9D84-49C4-A593-E033D630E296}.Ad-Hoc|Any CPU.Deploy.0 = Release|x86
		{E0B5BCC4-9D84-49C4-A593-E033D630E296}.Ad-Hoc|ARM.ActiveCfg = Release|ARM
		{E0B5BCC4-9D84-49C4-A593-E033D630E296}.Ad-Hoc|ARM.Build.0 = Release|ARM
		{E0B5BCC4-9D84-49C4-A593-E033D630E296}.Ad-Hoc|ARM.Deploy.0 = Release|ARM
		{E0B5BCC4-9D84-49C4-A593-E033D630E296}.Ad-Hoc|iPhone.ActiveCfg = Release|x86
		{E0B5BCC4-9D84-49C4-A593-E033D630E296}.Ad-Hoc|iPhone.Build.0 = Release|x86
		{E0B5BCC4-9D84-49C4-A593-E033D630E296}.Ad-Hoc|iPhone.Deploy.0 = Release|x86
		{E0B5BCC4-9D84-49C4-A593-E033D630E296}.Ad-Hoc|iPhoneSimulator.ActiveCfg = Release|x86
		{E0B5BCC4-9D84-49C4-A593-E033D630E296}.Ad-Hoc|iPhoneSimulator.Build.0 = Release|x86
		{E0B5BCC4-9D84-49C4-A593-E033D630E296}.Ad-Hoc|iPhoneSimulator.Deploy.0 = Release|x86
		{E0B5BCC4-9D84-49C4-A593-E033D630E296}.Ad-Hoc|x64.ActiveCfg = Release|x64
		{E0B5BCC4-9D84-49C4-A593-E033D630E296}.Ad-Hoc|x64.Build.0 = Release|x64
		{E0B5BCC4-9D84-49C4-A593-E033D630E296}.Ad-Hoc|x64.Deploy.0 = Release|x64
		{E0B5BCC4-9D84-49C4-A593-E033D630E296}.Ad-Hoc|x86.ActiveCfg = Release|x86
		{E0B5BCC4-9D84-49C4-A593-E033D630E296}.Ad-Hoc|x86.Build.0 = Release|x86
		{E0B5BCC4-9D84-49C4-A593-E033D630E296}.Ad-Hoc|x86.Deploy.0 = Release|x86
		{E0B5BCC4-9D84-49C4-A593-E033D630E296}.AppStore|Any CPU.ActiveCfg = Release|x86
		{E0B5BCC4-9D84-49C4-A593-E033D630E296}.AppStore|Any CPU.Build.0 = Release|x86
		{E0B5BCC4-9D84-49C4-A593-E033D630E296}.AppStore|Any CPU.Deploy.0 = Release|x86
		{E0B5BCC4-9D84-49C4-A593-E033D630E296}.AppStore|ARM.ActiveCfg = Release|ARM
		{E0B5BCC4-9D84-49C4-A593-E033D630E296}.AppStore|ARM.Build.0 = Release|ARM
		{E0B5BCC4-9D84-49C4-A593-E033D630E296}.AppStore|ARM.Deploy.0 = Release|ARM
		{E0B5BCC4-9D84-49C4-A593-E033D630E296}.AppStore|iPhone.ActiveCfg = Release|x86
		{E0B5BCC4-9D84-49C4-A593-E033D630E296}.AppStore|iPhone.Build.0 = Release|x86
		{E0B5BCC4-9D84-49C4-A593-E033D630E296}.AppStore|iPhone.Deploy.0 = Release|x86
		{E0B5BCC4-9D84-49C4-A593-E033D630E296}.AppStore|iPhoneSimulator.ActiveCfg = Release|x86
		{E0B5BCC4-9D84-49C4-A593-E033D630E296}.AppStore|iPhoneSimulator.Build.0 = Release|x86
		{E0B5BCC4-9D84-49C4-A593-E033D630E296}.AppStore|iPhoneSimulator.Deploy.0 = Release|x86
		{E0B5BCC4-9D84-49C4-A593-E033D630E296}.AppStore|x64.ActiveCfg = Release|x64
		{E0B5BCC4-9D84-49C4-A593-E033D630E296}.AppStore|x64.Build.0 = Release|x64
		{E0B5BCC4-9D84-49C4-A593-E033D630E296}.AppStore|x64.Deploy.0 = Release|x64
		{E0B5BCC4-9D84-49C4-A593-E033D630E296}.AppStore|x86.ActiveCfg = Release|x86
		{E0B5BCC4-9D84-49C4-A593-E033D630E296}.AppStore|x86.Build.0 = Release|x86
		{E0B5BCC4-9D84-49C4-A593-E033D630E296}.AppStore|x86.Deploy.0 = Release|x86
		{E0B5BCC4-9D84-49C4-A593-E033D630E296}.Debug|Any CPU.ActiveCfg = Debug|x86
		{E0B5BCC4-9D84-49C4-A593-E033D630E296}.Debug|ARM.ActiveCfg = Debug|ARM
		{E0B5BCC4-9D84-49C4-A593-E033D630E296}.Debug|ARM.Build.0 = Debug|ARM
		{E0B5BCC4-9D84-49C4-A593-E033D630E296}.Debug|ARM.Deploy.0 = Debug|ARM
		{E0B5BCC4-9D84-49C4-A593-E033D630E296}.Debug|iPhone.ActiveCfg = Debug|x86
		{E0B5BCC4-9D84-49C4-A593-E033D630E296}.Debug|iPhoneSimulator.ActiveCfg = Debug|x86
		{E0B5BCC4-9D84-49C4-A593-E033D630E296}.Debug|x64.ActiveCfg = Debug|x64
		{E0B5BCC4-9D84-49C4-A593-E033D630E296}.Debug|x64.Build.0 = Debug|x64
		{E0B5BCC4-9D84-49C4-A593-E033D630E296}.Debug|x64.Deploy.0 = Debug|x64
		{E0B5BCC4-9D84-49C4-A593-E033D630E296}.Debug|x86.ActiveCfg = Debug|x86
		{E0B5BCC4-9D84-49C4-A593-E033D630E296}.Debug|x86.Build.0 = Debug|x86
		{E0B5BCC4-9D84-49C4-A593-E033D630E296}.Debug|x86.Deploy.0 = Debug|x86
		{E0B5BCC4-9D84-49C4-A593-E033D630E296}.Release|Any CPU.ActiveCfg = Release|x86
		{E0B5BCC4-9D84-49C4-A593-E033D630E296}.Release|ARM.ActiveCfg = Release|ARM
		{E0B5BCC4-9D84-49C4-A593-E033D630E296}.Release|ARM.Build.0 = Release|ARM
		{E0B5BCC4-9D84-49C4-A593-E033D630E296}.Release|ARM.Deploy.0 = Release|ARM
		{E0B5BCC4-9D84-49C4-A593-E033D630E296}.Release|iPhone.ActiveCfg = Release|x86
		{E0B5BCC4-9D84-49C4-A593-E033D630E296}.Release|iPhoneSimulator.ActiveCfg = Release|x86
		{E0B5BCC4-9D84-49C4-A593-E033D630E296}.Release|x64.ActiveCfg = Release|x64
		{E0B5BCC4-9D84-49C4-A593-E033D630E296}.Release|x64.Build.0 = Release|x64
		{E0B5BCC4-9D84-49C4-A593-E033D630E296}.Release|x64.Deploy.0 = Release|x64
		{E0B5BCC4-9D84-49C4-A593-E033D630E296}.Release|x86.ActiveCfg = Release|x86
		{E0B5BCC4-9D84-49C4-A593-E033D630E296}.Release|x86.Build.0 = Release|x86
		{E0B5BCC4-9D84-49C4-A593-E033D630E296}.Release|x86.Deploy.0 = Release|x86
		{3F5DFA38-8870-42D6-B496-C848ECD8D4A8}.Ad-Hoc|Any CPU.ActiveCfg = Debug|Any CPU
		{3F5DFA38-8870-42D6-B496-C848ECD8D4A8}.Ad-Hoc|Any CPU.Build.0 = Debug|Any CPU
		{3F5DFA38-8870-42D6-B496-C848ECD8D4A8}.Ad-Hoc|ARM.ActiveCfg = Debug|Any CPU
		{3F5DFA38-8870-42D6-B496-C848ECD8D4A8}.Ad-Hoc|ARM.Build.0 = Debug|Any CPU
		{3F5DFA38-8870-42D6-B496-C848ECD8D4A8}.Ad-Hoc|iPhone.ActiveCfg = Debug|Any CPU
		{3F5DFA38-8870-42D6-B496-C848ECD8D4A8}.Ad-Hoc|iPhone.Build.0 = Debug|Any CPU
		{3F5DFA38-8870-42D6-B496-C848ECD8D4A8}.Ad-Hoc|iPhoneSimulator.ActiveCfg = Debug|Any CPU
		{3F5DFA38-8870-42D6-B496-C848ECD8D4A8}.Ad-Hoc|iPhoneSimulator.Build.0 = Debug|Any CPU
		{3F5DFA38-8870-42D6-B496-C848ECD8D4A8}.Ad-Hoc|x64.ActiveCfg = Debug|Any CPU
		{3F5DFA38-8870-42D6-B496-C848ECD8D4A8}.Ad-Hoc|x64.Build.0 = Debug|Any CPU
		{3F5DFA38-8870-42D6-B496-C848ECD8D4A8}.Ad-Hoc|x86.ActiveCfg = Debug|Any CPU
		{3F5DFA38-8870-42D6-B496-C848ECD8D4A8}.Ad-Hoc|x86.Build.0 = Debug|Any CPU
		{3F5DFA38-8870-42D6-B496-C848ECD8D4A8}.AppStore|Any CPU.ActiveCfg = Debug|Any CPU
		{3F5DFA38-8870-42D6-B496-C848ECD8D4A8}.AppStore|Any CPU.Build.0 = Debug|Any CPU
		{3F5DFA38-8870-42D6-B496-C848ECD8D4A8}.AppStore|ARM.ActiveCfg = Debug|Any CPU
		{3F5DFA38-8870-42D6-B496-C848ECD8D4A8}.AppStore|ARM.Build.0 = Debug|Any CPU
		{3F5DFA38-8870-42D6-B496-C848ECD8D4A8}.AppStore|iPhone.ActiveCfg = Debug|Any CPU
		{3F5DFA38-8870-42D6-B496-C848ECD8D4A8}.AppStore|iPhone.Build.0 = Debug|Any CPU
		{3F5DFA38-8870-42D6-B496-C848ECD8D4A8}.AppStore|iPhoneSimulator.ActiveCfg = Debug|Any CPU
		{3F5DFA38-8870-42D6-B496-C848ECD8D4A8}.AppStore|iPhoneSimulator.Build.0 = Debug|Any CPU
		{3F5DFA38-8870-42D6-B496-C848ECD8D4A8}.AppStore|x64.ActiveCfg = Debug|Any CPU
		{3F5DFA38-8870-42D6-B496-C848ECD8D4A8}.AppStore|x64.Build.0 = Debug|Any CPU
		{3F5DFA38-8870-42D6-B496-C848ECD8D4A8}.AppStore|x86.ActiveCfg = Debug|Any CPU
		{3F5DFA38-8870-42D6-B496-C848ECD8D4A8}.AppStore|x86.Build.0 = Debug|Any CPU
		{3F5DFA38-8870-42D6-B496-C848ECD8D4A8}.Debug|Any CPU.ActiveCfg = Debug|Any CPU
		{3F5DFA38-8870-42D6-B496-C848ECD8D4A8}.Debug|Any CPU.Build.0 = Debug|Any CPU
		{3F5DFA38-8870-42D6-B496-C848ECD8D4A8}.Debug|ARM.ActiveCfg = Debug|Any CPU
		{3F5DFA38-8870-42D6-B496-C848ECD8D4A8}.Debug|ARM.Build.0 = Debug|Any CPU
		{3F5DFA38-8870-42D6-B496-C848ECD8D4A8}.Debug|iPhone.ActiveCfg = Debug|Any CPU
		{3F5DFA38-8870-42D6-B496-C848ECD8D4A8}.Debug|iPhone.Build.0 = Debug|Any CPU
		{3F5DFA38-8870-42D6-B496-C848ECD8D4A8}.Debug|iPhoneSimulator.ActiveCfg = Debug|Any CPU
		{3F5DFA38-8870-42D6-B496-C848ECD8D4A8}.Debug|iPhoneSimulator.Build.0 = Debug|Any CPU
		{3F5DFA38-8870-42D6-B496-C848ECD8D4A8}.Debug|x64.ActiveCfg = Debug|Any CPU
		{3F5DFA38-8870-42D6-B496-C848ECD8D4A8}.Debug|x64.Build.0 = Debug|Any CPU
		{3F5DFA38-8870-42D6-B496-C848ECD8D4A8}.Debug|x86.ActiveCfg = Debug|Any CPU
		{3F5DFA38-8870-42D6-B496-C848ECD8D4A8}.Debug|x86.Build.0 = Debug|Any CPU
		{3F5DFA38-8870-42D6-B496-C848ECD8D4A8}.Release|Any CPU.ActiveCfg = Release|Any CPU
		{3F5DFA38-8870-42D6-B496-C848ECD8D4A8}.Release|Any CPU.Build.0 = Release|Any CPU
		{3F5DFA38-8870-42D6-B496-C848ECD8D4A8}.Release|ARM.ActiveCfg = Release|Any CPU
		{3F5DFA38-8870-42D6-B496-C848ECD8D4A8}.Release|ARM.Build.0 = Release|Any CPU
		{3F5DFA38-8870-42D6-B496-C848ECD8D4A8}.Release|iPhone.ActiveCfg = Release|Any CPU
		{3F5DFA38-8870-42D6-B496-C848ECD8D4A8}.Release|iPhone.Build.0 = Release|Any CPU
		{3F5DFA38-8870-42D6-B496-C848ECD8D4A8}.Release|iPhoneSimulator.ActiveCfg = Release|Any CPU
		{3F5DFA38-8870-42D6-B496-C848ECD8D4A8}.Release|iPhoneSimulator.Build.0 = Release|Any CPU
		{3F5DFA38-8870-42D6-B496-C848ECD8D4A8}.Release|x64.ActiveCfg = Release|Any CPU
		{3F5DFA38-8870-42D6-B496-C848ECD8D4A8}.Release|x64.Build.0 = Release|Any CPU
		{3F5DFA38-8870-42D6-B496-C848ECD8D4A8}.Release|x86.ActiveCfg = Release|Any CPU
		{3F5DFA38-8870-42D6-B496-C848ECD8D4A8}.Release|x86.Build.0 = Release|Any CPU
		{58FCBC1D-5486-4C77-996E-D43CB9433066}.Ad-Hoc|Any CPU.ActiveCfg = Release|Any CPU
		{58FCBC1D-5486-4C77-996E-D43CB9433066}.Ad-Hoc|Any CPU.Build.0 = Release|Any CPU
		{58FCBC1D-5486-4C77-996E-D43CB9433066}.Ad-Hoc|ARM.ActiveCfg = Release|Any CPU
		{58FCBC1D-5486-4C77-996E-D43CB9433066}.Ad-Hoc|ARM.Build.0 = Release|Any CPU
		{58FCBC1D-5486-4C77-996E-D43CB9433066}.Ad-Hoc|iPhone.ActiveCfg = Release|Any CPU
		{58FCBC1D-5486-4C77-996E-D43CB9433066}.Ad-Hoc|iPhone.Build.0 = Release|Any CPU
		{58FCBC1D-5486-4C77-996E-D43CB9433066}.Ad-Hoc|iPhoneSimulator.ActiveCfg = Release|Any CPU
		{58FCBC1D-5486-4C77-996E-D43CB9433066}.Ad-Hoc|iPhoneSimulator.Build.0 = Release|Any CPU
		{58FCBC1D-5486-4C77-996E-D43CB9433066}.Ad-Hoc|x64.ActiveCfg = Release|Any CPU
		{58FCBC1D-5486-4C77-996E-D43CB9433066}.Ad-Hoc|x64.Build.0 = Release|Any CPU
		{58FCBC1D-5486-4C77-996E-D43CB9433066}.Ad-Hoc|x86.ActiveCfg = Release|Any CPU
		{58FCBC1D-5486-4C77-996E-D43CB9433066}.Ad-Hoc|x86.Build.0 = Release|Any CPU
		{58FCBC1D-5486-4C77-996E-D43CB9433066}.AppStore|Any CPU.ActiveCfg = Release|Any CPU
		{58FCBC1D-5486-4C77-996E-D43CB9433066}.AppStore|Any CPU.Build.0 = Release|Any CPU
		{58FCBC1D-5486-4C77-996E-D43CB9433066}.AppStore|ARM.ActiveCfg = Release|Any CPU
		{58FCBC1D-5486-4C77-996E-D43CB9433066}.AppStore|ARM.Build.0 = Release|Any CPU
		{58FCBC1D-5486-4C77-996E-D43CB9433066}.AppStore|iPhone.ActiveCfg = Release|Any CPU
		{58FCBC1D-5486-4C77-996E-D43CB9433066}.AppStore|iPhone.Build.0 = Release|Any CPU
		{58FCBC1D-5486-4C77-996E-D43CB9433066}.AppStore|iPhoneSimulator.ActiveCfg = Release|Any CPU
		{58FCBC1D-5486-4C77-996E-D43CB9433066}.AppStore|iPhoneSimulator.Build.0 = Release|Any CPU
		{58FCBC1D-5486-4C77-996E-D43CB9433066}.AppStore|x64.ActiveCfg = Release|Any CPU
		{58FCBC1D-5486-4C77-996E-D43CB9433066}.AppStore|x64.Build.0 = Release|Any CPU
		{58FCBC1D-5486-4C77-996E-D43CB9433066}.AppStore|x86.ActiveCfg = Release|Any CPU
		{58FCBC1D-5486-4C77-996E-D43CB9433066}.AppStore|x86.Build.0 = Release|Any CPU
		{58FCBC1D-5486-4C77-996E-D43CB9433066}.Debug|Any CPU.ActiveCfg = Debug|Any CPU
		{58FCBC1D-5486-4C77-996E-D43CB9433066}.Debug|Any CPU.Build.0 = Debug|Any CPU
		{58FCBC1D-5486-4C77-996E-D43CB9433066}.Debug|ARM.ActiveCfg = Debug|Any CPU
		{58FCBC1D-5486-4C77-996E-D43CB9433066}.Debug|ARM.Build.0 = Debug|Any CPU
		{58FCBC1D-5486-4C77-996E-D43CB9433066}.Debug|iPhone.ActiveCfg = Debug|Any CPU
		{58FCBC1D-5486-4C77-996E-D43CB9433066}.Debug|iPhone.Build.0 = Debug|Any CPU
		{58FCBC1D-5486-4C77-996E-D43CB9433066}.Debug|iPhoneSimulator.ActiveCfg = Debug|Any CPU
		{58FCBC1D-5486-4C77-996E-D43CB9433066}.Debug|iPhoneSimulator.Build.0 = Debug|Any CPU
		{58FCBC1D-5486-4C77-996E-D43CB9433066}.Debug|x64.ActiveCfg = Debug|Any CPU
		{58FCBC1D-5486-4C77-996E-D43CB9433066}.Debug|x64.Build.0 = Debug|Any CPU
		{58FCBC1D-5486-4C77-996E-D43CB9433066}.Debug|x86.ActiveCfg = Debug|Any CPU
		{58FCBC1D-5486-4C77-996E-D43CB9433066}.Debug|x86.Build.0 = Debug|Any CPU
		{58FCBC1D-5486-4C77-996E-D43CB9433066}.Release|Any CPU.ActiveCfg = Release|Any CPU
		{58FCBC1D-5486-4C77-996E-D43CB9433066}.Release|Any CPU.Build.0 = Release|Any CPU
		{58FCBC1D-5486-4C77-996E-D43CB9433066}.Release|ARM.ActiveCfg = Release|Any CPU
		{58FCBC1D-5486-4C77-996E-D43CB9433066}.Release|ARM.Build.0 = Release|Any CPU
		{58FCBC1D-5486-4C77-996E-D43CB9433066}.Release|iPhone.ActiveCfg = Release|Any CPU
		{58FCBC1D-5486-4C77-996E-D43CB9433066}.Release|iPhone.Build.0 = Release|Any CPU
		{58FCBC1D-5486-4C77-996E-D43CB9433066}.Release|iPhoneSimulator.ActiveCfg = Release|Any CPU
		{58FCBC1D-5486-4C77-996E-D43CB9433066}.Release|iPhoneSimulator.Build.0 = Release|Any CPU
		{58FCBC1D-5486-4C77-996E-D43CB9433066}.Release|x64.ActiveCfg = Release|Any CPU
		{58FCBC1D-5486-4C77-996E-D43CB9433066}.Release|x64.Build.0 = Release|Any CPU
		{58FCBC1D-5486-4C77-996E-D43CB9433066}.Release|x86.ActiveCfg = Release|Any CPU
		{58FCBC1D-5486-4C77-996E-D43CB9433066}.Release|x86.Build.0 = Release|Any CPU
	EndGlobalSection
	GlobalSection(SolutionProperties) = preSolution
		HideSolutionNode = FALSE
	EndGlobalSection
	GlobalSection(ExtensibilityGlobals) = postSolution
		SolutionGuid = {5050745D-DDD4-4464-B663-675C59A667B3}
	EndGlobalSection
EndGlobal
